{
  "nodes": {
    "flakeNimbleLib": {
      "inputs": {
        "nixpkgs": [
          "nixpkgs"
        ]
      },
      "locked": {
        "lastModified": 1662018438,
        "narHash": "sha256-QtNtU6+LX3Wokxf0zlFwKTFOcn6TeDjKQZ+DA9OYtvM=",
        "owner": "riinr",
        "repo": "nim-flakes-lib",
        "rev": "b1fe8340736e3a85d25c709ac3dfd82a55c03cbf",
        "type": "github"
      },
      "original": {
        "owner": "riinr",
        "ref": "master",
        "repo": "nim-flakes-lib",
        "type": "github"
      }
    },
    "nixpkgs": {
      "locked": {
        "lastModified": 1667199707,
        "narHash": "sha256-I2Js3Y7gUyVSEXPULHlBoRek4Lh85vnevdS6mdvDNLI=",
        "owner": "NixOS",
        "repo": "nixpkgs",
        "rev": "ced197be72099edcfa68ebed8b87af7b04851f45",
        "type": "github"
      },
      "original": {
        "id": "nixpkgs",
        "type": "indirect"
      }
    },
    "root": {
      "inputs": {
        "flakeNimbleLib": "flakeNimbleLib",
        "nixpkgs": "nixpkgs",
        "subexes-master": "subexes-master"
      }
    },
    "src-subexes-master": {
      "flake": false,
      "locked": {
        "dir": "subexes",
        "lastModified": 1661381415,
        "narHash": "sha256-Z92h2ODypAdSJqb1IB1UVKMFTxPtaI6ivNKeSe6hnm0=",
        "owner": "nim-lang",
        "repo": "graveyard",
        "rev": "cca4055a063e2469de820495ec403a0c11ba837f",
        "type": "github"
      },
      "original": {
        "dir": "subexes",
        "owner": "nim-lang",
        "ref": "refs/heads/master",
        "repo": "graveyard",
        "type": "github"
      }
    },
    "subexes-master": {
      "inputs": {
        "flakeNimbleLib": [
          "flakeNimbleLib"
        ],
        "nixpkgs": [
          "nixpkgs"
        ],
        "src-subexes-master": "src-subexes-master"
      },
      "locked": {
        "dir": "master",
        "lastModified": 1667322712,
        "narHash": "sha256-hTL7F1NJ/BKODMOgynKNAhovIip6Xz07bkWe0sABTto=",
        "owner": "nim-nix-pkgs",
        "repo": "subexes",
        "rev": "e669003f1f302ac797fe73d4015a53e9b4bd08e3",
        "type": "github"
      },
      "original": {
        "dir": "master",
        "owner": "nim-nix-pkgs",
        "ref": "master",
        "repo": "subexes",
        "type": "github"
      }
    }
  },
  "root": "root",
  "version": 7
}
